
Microsoft Visual Studio Solution File, Format Version 12.00
# Visual Studio Version 17
VisualStudioVersion = 17.14.36414.22 d17.14
MinimumVisualStudioVersion = 10.0.40219.1
Project("{FAE04EC0-301F-11D3-BF4B-00C04F79EFBC}") = "ParkingManagement", "ParkingManagement.csproj", "{9C8F4ED4-4CB3-DF7E-D292-520ABD5C019D}"
EndProject
Global
	GlobalSection(SolutionConfigurationPlatforms) = preSolution
		Debug|Any CPU = Debug|Any CPU
		Release|Any CPU = Release|Any CPU
	EndGlobalSection
	GlobalSection(ProjectConfigurationPlatforms) = postSolution
		{9C8F4ED4-4CB3-DF7E-D292-520ABD5C019D}.Debug|Any CPU.ActiveCfg = Debug|Any CPU
		{9C8F4ED4-4CB3-DF7E-D292-520ABD5C019D}.Debug|Any CPU.Build.0 = Debug|Any CPU
		{9C8F4ED4-4CB3-DF7E-D292-520ABD5C019D}.Release|Any CPU.ActiveCfg = Release|Any CPU
		{9C8F4ED4-4CB3-DF7E-D292-520ABD5C019D}.Release|Any CPU.Build.0 = Release|Any CPU
	EndGlobalSection
	GlobalSection(SolutionProperties) = preSolution
		HideSolutionNode = FALSE
	EndGlobalSection
	GlobalSection(ExtensibilityGlobals) = postSolution
		SolutionGuid = {F5923C27-5076-4FEB-B52F-6ADD1DB14E12}
	EndGlobalSection
EndGlobal
